# THIS IS AN AUTOGENERATED FILE. DO NOT EDIT THIS FILE DIRECTLY.
# yarn lockfile v1


"@babel/runtime@^7.13.10":
  version "7.16.7"
  resolved "https://registry.yarnpkg.com/@babel/runtime/-/runtime-7.16.7.tgz#03ff99f64106588c9c403c6ecb8c3bafbbdff1fa"
  integrity sha512-9E9FJowqAsytyOY6LG+1KuueckRL+aQW+mKvXRXnuFGyRAyepJPmEo9vgMfXUA6O9u3IeEdv9MAkppFcaQwogQ==
  dependencies:
    regenerator-runtime "^0.13.4"

"@chakra-ui/icon@1.2.1":
  version "1.2.1"
  resolved "https://registry.yarnpkg.com/@chakra-ui/icon/-/icon-1.2.1.tgz#b47c0016531da8bef81061d2b96a2d5282b07ff8"
  integrity sha512-uZxFsiY4Tld+LvGIX7cky0H6oMRac8udPMQRzIk/UQeNZcsWisGetatbQsew3y1lWV/iH/8+TlDuW13GWGyGGQ==
  dependencies:
    "@chakra-ui/utils" "1.9.1"

"@chakra-ui/icons@1.1.1":
  version "1.1.1"
  resolved "https://registry.yarnpkg.com/@chakra-ui/icons/-/icons-1.1.1.tgz#e4b191fd38be999c4434ff2b1fb69a5eaf3cf226"
  integrity sha512-/+u6euCOFw6J1DZW7NcVFtib4mygJBoqRdsKiU1Z3uiTC+zQTBzcCt54NQ+kK8rhuNzJ+odahnt/AbjBJgZ+5A==
  dependencies:
    "@chakra-ui/icon" "1.2.1"
    "@types/react" "^17.0.15"

"@chakra-ui/utils@1.9.1":
  version "1.9.1"
  resolved "https://registry.yarnpkg.com/@chakra-ui/utils/-/utils-1.9.1.tgz#e34bf74f9f6048da1ec2a5728db4cc80d0158e0e"
  integrity sha512-Tue8JfpzOqeHd8vSqAnX1l/Y3Gg456+BXFP/TH6mCIeqMAMbrvv25vDskds0wlXRjMYdmpqHxCEzkalFrscGHA==
  dependencies:
    "@types/lodash.mergewith" "4.6.6"
    css-box-model "1.2.1"
    framesync "5.3.0"
    lodash.mergewith "4.6.2"

"@emotion/cache@^11.7.1":
  version "11.7.1"
  resolved "https://registry.yarnpkg.com/@emotion/cache/-/cache-11.7.1.tgz#08d080e396a42e0037848214e8aa7bf879065539"
  integrity sha512-r65Zy4Iljb8oyjtLeCuBH8Qjiy107dOYC6SJq7g7GV5UCQWMObY4SJDPGFjiiVpPrOJ2hmJOoBiYTC7hwx9E2A==
  dependencies:
    "@emotion/memoize" "^0.7.4"
    "@emotion/sheet" "^1.1.0"
    "@emotion/utils" "^1.0.0"
    "@emotion/weak-memoize" "^0.2.5"
    stylis "4.0.13"

"@emotion/hash@^0.8.0":
  version "0.8.0"
  resolved "https://registry.yarnpkg.com/@emotion/hash/-/hash-0.8.0.tgz#bbbff68978fefdbe68ccb533bc8cbe1d1afb5413"
  integrity sha512-kBJtf7PH6aWwZ6fka3zQ0p6SBYzx4fl1LoZXE2RrnYST9Xljm7WfKJrU4g/Xr3Beg72MLrp1AWNUmuYJTL7Cow==

"@emotion/memoize@^0.7.4":
  version "0.7.5"
  resolved "https://registry.yarnpkg.com/@emotion/memoize/-/memoize-0.7.5.tgz#2c40f81449a4e554e9fc6396910ed4843ec2be50"
  integrity sha512-igX9a37DR2ZPGYtV6suZ6whr8pTFtyHL3K/oLUotxpSVO2ASaprmAe2Dkq7tBo7CRY7MMDrAa9nuQP9/YG8FxQ==

"@emotion/react@^11.1.4":
  version "11.7.1"
  resolved "https://registry.yarnpkg.com/@emotion/react/-/react-11.7.1.tgz#3f800ce9b20317c13e77b8489ac4a0b922b2fe07"
  integrity sha512-DV2Xe3yhkF1yT4uAUoJcYL1AmrnO5SVsdfvu+fBuS7IbByDeTVx9+wFmvx9Idzv7/78+9Mgx2Hcmr7Fex3tIyw==
  dependencies:
    "@babel/runtime" "^7.13.10"
    "@emotion/cache" "^11.7.1"
    "@emotion/serialize" "^1.0.2"
    "@emotion/sheet" "^1.1.0"
    "@emotion/utils" "^1.0.0"
    "@emotion/weak-memoize" "^0.2.5"
    hoist-non-react-statics "^3.3.1"

"@emotion/serialize@^1.0.2":
  version "1.0.2"
  resolved "https://registry.yarnpkg.com/@emotion/serialize/-/serialize-1.0.2.tgz#77cb21a0571c9f68eb66087754a65fa97bfcd965"
  integrity sha512-95MgNJ9+/ajxU7QIAruiOAdYNjxZX7G2mhgrtDWswA21VviYIRP1R5QilZ/bDY42xiKsaktP4egJb3QdYQZi1A==
  dependencies:
    "@emotion/hash" "^0.8.0"
    "@emotion/memoize" "^0.7.4"
    "@emotion/unitless" "^0.7.5"
    "@emotion/utils" "^1.0.0"
    csstype "^3.0.2"

"@emotion/sheet@^1.1.0":
  version "1.1.0"
  resolved "https://registry.yarnpkg.com/@emotion/sheet/-/sheet-1.1.0.tgz#56d99c41f0a1cda2726a05aa6a20afd4c63e58d2"
  integrity sha512-u0AX4aSo25sMAygCuQTzS+HsImZFuS8llY8O7b9MDRzbJM0kVJlAz6KNDqcG7pOuQZJmj/8X/rAW+66kMnMW+g==

"@emotion/unitless@^0.7.5":
  version "0.7.5"
  resolved "https://registry.yarnpkg.com/@emotion/unitless/-/unitless-0.7.5.tgz#77211291c1900a700b8a78cfafda3160d76949ed"
  integrity sha512-OWORNpfjMsSSUBVrRBVGECkhWcULOAJz9ZW8uK9qgxD+87M7jHRcvh/A96XXNhXTLmKcoYSQtBEX7lHMO7YRwg==

"@emotion/utils@^1.0.0":
  version "1.0.0"
  resolved "https://registry.yarnpkg.com/@emotion/utils/-/utils-1.0.0.tgz#abe06a83160b10570816c913990245813a2fd6af"
  integrity sha512-mQC2b3XLDs6QCW+pDQDiyO/EdGZYOygE8s5N5rrzjSI4M3IejPE/JPndCBwRT9z982aqQNi6beWs1UeayrQxxA==

"@emotion/weak-memoize@^0.2.5":
  version "0.2.5"
  resolved "https://registry.yarnpkg.com/@emotion/weak-memoize/-/weak-memoize-0.2.5.tgz#8eed982e2ee6f7f4e44c253e12962980791efd46"
  integrity sha512-6U71C2Wp7r5XtFtQzYrW5iKFT67OixrSxjI4MptCHzdSVlgabczzqLe0ZSgnub/5Kp4hSbpDB1tMytZY9pwxxA==

"@types/buble@^0.20.0":
  version "0.20.1"
  resolved "https://registry.yarnpkg.com/@types/buble/-/buble-0.20.1.tgz#cba009801fd417b0d2eb8fa6824b537842e05803"
  integrity sha512-itmN3lGSTvXg9IImY5j290H+n0B3PpZST6AgEfJJDXfaMx2cdJJZro3/Ay+bZZdIAa25Z5rnoo9rHiPCbANZoQ==
  dependencies:
    magic-string "^0.25.0"

"@types/lodash.mergewith@4.6.6":
  version "4.6.6"
  resolved "https://registry.yarnpkg.com/@types/lodash.mergewith/-/lodash.mergewith-4.6.6.tgz#c4698f5b214a433ff35cb2c75ee6ec7f99d79f10"
  integrity sha512-RY/8IaVENjG19rxTZu9Nukqh0W2UrYgmBj5sdns4hWRZaV8PqR7wIKHFKzvOTjo4zVRV7sVI+yFhAJql12Kfqg==
  dependencies:
    "@types/lodash" "*"

"@types/lodash@*":
  version "4.14.178"
  resolved "https://registry.yarnpkg.com/@types/lodash/-/lodash-4.14.178.tgz#341f6d2247db528d4a13ddbb374bcdc80406f4f8"
  integrity sha512-0d5Wd09ItQWH1qFbEyQ7oTQ3GZrMfth5JkbN3EvTKLXcHLRDSXeLnlvlOn0wvxVIwK5o2M8JzP/OWz7T3NRsbw==

"@types/prop-types@*":
  version "15.7.4"
  resolved "https://registry.yarnpkg.com/@types/prop-types/-/prop-types-15.7.4.tgz#fcf7205c25dff795ee79af1e30da2c9790808f11"
  integrity sha512-rZ5drC/jWjrArrS8BR6SIr4cWpW09RNTYt9AMZo3Jwwif+iacXAqgVjm0B0Bv/S1jhDXKHqRVNCbACkJ89RAnQ==

"@types/react@^17.0.15":
  version "17.0.38"
  resolved "https://registry.yarnpkg.com/@types/react/-/react-17.0.38.tgz#f24249fefd89357d5fa71f739a686b8d7c7202bd"
  integrity sha512-SI92X1IA+FMnP3qM5m4QReluXzhcmovhZnLNm3pyeQlooi02qI7sLiepEYqT678uNiyc25XfCqxREFpy3W7YhQ==
  dependencies:
    "@types/prop-types" "*"
    "@types/scheduler" "*"
    csstype "^3.0.2"

"@types/scheduler@*":
  version "0.16.2"
  resolved "https://registry.yarnpkg.com/@types/scheduler/-/scheduler-0.16.2.tgz#1a62f89525723dde24ba1b01b092bf5df8ad4d39"
  integrity sha512-hppQEBDmlwhFAXKJX2KnWLYu5yMfi91yazPb2l+lbJiwW+wdo1gNeRA+3RgNSO39WYX2euey41KEwnqesU2Jew==

ansi-styles@^3.2.1:
  version "3.2.1"
  resolved "https://registry.yarnpkg.com/ansi-styles/-/ansi-styles-3.2.1.tgz#41fbb20243e50b12be0f04b8dedbf07520ce841d"
  integrity sha512-VT0ZI6kZRdTh8YyJw3SMbYm/u+NqfsAxEpWO0Pf9sq8/e94WxxOpPKx9FR1FlyCtOVDNOQ+8ntlqFxiRc+r5qA==
  dependencies:
    color-convert "^1.9.0"

buble@0.19.6:
  version "0.19.6"
  resolved "https://registry.yarnpkg.com/buble/-/buble-0.19.6.tgz#915909b6bd5b11ee03b1c885ec914a8b974d34d3"
  integrity sha512-9kViM6nJA1Q548Jrd06x0geh+BG2ru2+RMDkIHHgJY/8AcyCs34lTHwra9BX7YdPrZXd5aarkpr/SY8bmPgPdg==
  dependencies:
    chalk "^2.4.1"
    magic-string "^0.25.1"
    minimist "^1.2.0"
    os-homedir "^1.0.1"
    regexpu-core "^4.2.0"
    vlq "^1.0.0"

chalk@^2.4.1:
  version "2.4.2"
  resolved "https://registry.yarnpkg.com/chalk/-/chalk-2.4.2.tgz#cd42541677a54333cf541a49108c1432b44c9424"
  integrity sha512-Mti+f9lpJNcwF4tWV8/OrTTtF1gZi+f8FqlyAdouralcFWFQWF2+NgCHShjkCb+IFBLq9buZwE1xckQU4peSuQ==
  dependencies:
    ansi-styles "^3.2.1"
    escape-string-regexp "^1.0.5"
    supports-color "^5.3.0"

color-convert@^1.9.0:
  version "1.9.3"
  resolved "https://registry.yarnpkg.com/color-convert/-/color-convert-1.9.3.tgz#bb71850690e1f136567de629d2d5471deda4c1e8"
  integrity sha512-QfAUtd+vFdAtFQcC8CCyYt1fYWxSqAiK2cSD6zDB8N3cpsEBAvRxp9zOGg6G/SHHJYAT88/az/IuDGALsNVbGg==
  dependencies:
    color-name "1.1.3"

color-name@1.1.3:
  version "1.1.3"
  resolved "https://registry.yarnpkg.com/color-name/-/color-name-1.1.3.tgz#a7d0558bd89c42f795dd42328f740831ca53bc25"
  integrity sha1-p9BVi9icQveV3UIyj3QIMcpTvCU=

component-props@1.1.1:
  version "1.1.1"
  resolved "https://registry.yarnpkg.com/component-props/-/component-props-1.1.1.tgz#f9b7df9b9927b6e6d97c9bd272aa867670f34944"
  integrity sha1-+bffm5kntubZfJvScqqGdnDzSUQ=

component-xor@0.0.4:
  version "0.0.4"
  resolved "https://registry.yarnpkg.com/component-xor/-/component-xor-0.0.4.tgz#c55d83ccc1b94cd5089a4e93fa7891c7263e59aa"
  integrity sha1-xV2DzMG5TNUImk6T+niRxyY+Wao=

core-js@^3.14.0:
  version "3.20.2"
  resolved "https://registry.yarnpkg.com/core-js/-/core-js-3.20.2.tgz#46468d8601eafc8b266bd2dd6bf9dee622779581"
  integrity sha512-nuqhq11DcOAbFBV4zCbKeGbKQsUDRqTX0oqx7AttUBuqe3h20ixsE039QHelbL6P4h+9kytVqyEtyZ6gsiwEYw==

create-react-class@^15.5.3:
  version "15.7.0"
  resolved "https://registry.yarnpkg.com/create-react-class/-/create-react-class-15.7.0.tgz#7499d7ca2e69bb51d13faf59bd04f0c65a1d6c1e"
  integrity sha512-QZv4sFWG9S5RUvkTYWbflxeZX+JG7Cz0Tn33rQBJ+WFQTqTfUTjMjiv9tnfXazjsO5r0KhPs+AqCjyrQX6h2ng==
  dependencies:
    loose-envify "^1.3.1"
    object-assign "^4.1.1"

css-box-model@1.2.1:
  version "1.2.1"
  resolved "https://registry.yarnpkg.com/css-box-model/-/css-box-model-1.2.1.tgz#59951d3b81fd6b2074a62d49444415b0d2b4d7c1"
  integrity sha512-a7Vr4Q/kd/aw96bnJG332W9V9LkJO69JRcaCYDUqjp6/z0w6VcZjgAcTbgFxEPfBgdnAwlh3iwu+hLopa+flJw==
  dependencies:
    tiny-invariant "^1.0.6"

csstype@^3.0.2:
  version "3.0.10"
  resolved "https://registry.yarnpkg.com/csstype/-/csstype-3.0.10.tgz#2ad3a7bed70f35b965707c092e5f30b327c290e5"
  integrity sha512-2u44ZG2OcNUO9HDp/Jl8C07x6pU/eTR3ncV91SiK3dhG9TWvRVsCoJw14Ckx5DgWkzGA3waZWO3d7pgqpUI/XA==

deepmerge@^2.1.1:
  version "2.2.1"
  resolved "https://registry.yarnpkg.com/deepmerge/-/deepmerge-2.2.1.tgz#5d3ff22a01c00f645405a2fbc17d0778a1801170"
  integrity sha512-R9hc1Xa/NOBi9WRVUWg19rl1UB7Tt4kuPd+thNJgFZoxXsTz7ncaPaeIm+40oSGuP33DfMb4sZt1QIGiJzC4EA==

deepmerge@^4.0.0:
  version "4.2.2"
  resolved "https://registry.yarnpkg.com/deepmerge/-/deepmerge-4.2.2.tgz#44d2ea3679b8f4d4ffba33f03d865fc1e7bf4955"
  integrity sha512-FJ3UgI4gIl+PHZm53knsuSFpE+nESMr7M4v9QcgB7S63Kj/6WqMiFQJpBBYz1Pt+66bZpP3Q7Lye0Oo9MPKEdg==

dom-iterator@^1.0.0:
  version "1.0.0"
  resolved "https://registry.yarnpkg.com/dom-iterator/-/dom-iterator-1.0.0.tgz#9c09899846ec41c2d257adc4d6015e4759ef05ad"
  integrity sha512-7dsMOQI07EMU98gQM8NSB3GsAiIeBYIPKpnxR3c9xOvdvBjChAcOM0iJ222I3p5xyiZO9e5oggkNaCusuTdYig==
  dependencies:
    component-props "1.1.1"
    component-xor "0.0.4"

escape-string-regexp@^1.0.5:
  version "1.0.5"
  resolved "https://registry.yarnpkg.com/escape-string-regexp/-/escape-string-regexp-1.0.5.tgz#1b61c0562190a8dff6ae3bb2cf0200ca130b86d4"
  integrity sha1-G2HAViGQqN/2rjuyzwIAyhMLhtQ=

extend-shallow@^2.0.1:
  version "2.0.1"
  resolved "https://registry.yarnpkg.com/extend-shallow/-/extend-shallow-2.0.1.tgz#51af7d614ad9a9f610ea1bafbb989d6b1c56890f"
  integrity sha1-Ua99YUrZqfYQ6huvu5idaxxWiQ8=
  dependencies:
    is-extendable "^0.1.0"

formik@2.2.9:
  version "2.2.9"
  resolved "https://registry.yarnpkg.com/formik/-/formik-2.2.9.tgz#8594ba9c5e2e5cf1f42c5704128e119fc46232d0"
  integrity sha512-LQLcISMmf1r5at4/gyJigGn0gOwFbeEAlji+N9InZF6LIMXnFNkO42sCI8Jt84YZggpD4cPWObAZaxpEFtSzNA==
  dependencies:
    deepmerge "^2.1.1"
    hoist-non-react-statics "^3.3.0"
    lodash "^4.17.21"
    lodash-es "^4.17.21"
    react-fast-compare "^2.0.1"
    tiny-warning "^1.0.2"
    tslib "^1.10.0"

framesync@5.3.0:
  version "5.3.0"
  resolved "https://registry.yarnpkg.com/framesync/-/framesync-5.3.0.tgz#0ecfc955e8f5a6ddc8fdb0cc024070947e1a0d9b"
  integrity sha512-oc5m68HDO/tuK2blj7ZcdEBRx3p1PjrgHazL8GYEpvULhrtGIFbQArN6cQS2QhW8mitffaB+VYzMjDqBxxQeoA==
  dependencies:
    tslib "^2.1.0"

has-flag@^3.0.0:
  version "3.0.0"
  resolved "https://registry.yarnpkg.com/has-flag/-/has-flag-3.0.0.tgz#b5d454dc2199ae225699f3467e5a07f3b955bafd"
  integrity sha1-tdRU3CGZriJWmfNGfloH87lVuv0=

hoist-non-react-statics@^3.3.0, hoist-non-react-statics@^3.3.1:
  version "3.3.2"
  resolved "https://registry.yarnpkg.com/hoist-non-react-statics/-/hoist-non-react-statics-3.3.2.tgz#ece0acaf71d62c2969c2ec59feff42a4b1a85b45"
  integrity sha512-/gGivxi8JPKWNm/W0jSmzcMPpfpPLc3dY/6GxhX2hQ9iGj3aDfklV4ET7NjKpSinLpJ5vafa9iiGIEZg10SfBw==
  dependencies:
    react-is "^16.7.0"

is-extendable@^0.1.0:
  version "0.1.1"
  resolved "https://registry.yarnpkg.com/is-extendable/-/is-extendable-0.1.1.tgz#62b110e289a471418e3ec36a617d472e301dfc89"
  integrity sha1-YrEQ4omkcUGOPsNqYX1HLjAd/Ik=

"js-tokens@^3.0.0 || ^4.0.0":
  version "4.0.0"
  resolved "https://registry.yarnpkg.com/js-tokens/-/js-tokens-4.0.0.tgz#19203fb59991df98e3a287050d4647cdeaf32499"
  integrity sha512-RdJUflcE3cUzKiMqQgsCu06FPu9UdIJO0beYbPhHN4k6apgJtifcoCtT9bcxOpYBtpD2kCM6Sbzg4CausW/PKQ==

jsesc@~0.5.0:
  version "0.5.0"
  resolved "https://registry.yarnpkg.com/jsesc/-/jsesc-0.5.0.tgz#e7dee66e35d6fc16f710fe91d5cf69f70f08911d"
  integrity sha1-597mbjXW/Bb3EP6R1c9p9w8IkR0=

load-script@^1.0.0:
  version "1.0.0"
  resolved "https://registry.yarnpkg.com/load-script/-/load-script-1.0.0.tgz#0491939e0bee5643ee494a7e3da3d2bac70c6ca4"
  integrity sha1-BJGTngvuVkPuSUp+PaPSuscMbKQ=

lodash-es@^4.17.21:
  version "4.17.21"
  resolved "https://registry.yarnpkg.com/lodash-es/-/lodash-es-4.17.21.tgz#43e626c46e6591b7750beb2b50117390c609e3ee"
  integrity sha512-mKnC+QJ9pWVzv+C4/U3rRsHapFfHvQFoFB92e52xeyGMcX6/OlIl78je1u8vePzYZSkkogMPJ2yjxxsb89cxyw==

lodash.mergewith@4.6.2:
  version "4.6.2"
  resolved "https://registry.yarnpkg.com/lodash.mergewith/-/lodash.mergewith-4.6.2.tgz#617121f89ac55f59047c7aec1ccd6654c6590f55"
  integrity sha512-GK3g5RPZWTRSeLSpgP8Xhra+pnjBC56q9FZYe1d5RN3TJ35dbkGy3YqBSMbyCrlbi+CM9Z3Jk5yTL7RCsqboyQ==

lodash@^4.17.21:
  version "4.17.21"
  resolved "https://registry.yarnpkg.com/lodash/-/lodash-4.17.21.tgz#679591c564c3bffaae8454cf0b3df370c3d6911c"
  integrity sha512-v2kDEe57lecTulaDIuNTPy3Ry4gLGJ6Z1O3vE1krgXZNrsQ+LFTGHVxVjcXPs17LhbZVGedAJv8XZ1tvj5FvSg==

loose-envify@^1.3.1, loose-envify@^1.4.0:
  version "1.4.0"
  resolved "https://registry.yarnpkg.com/loose-envify/-/loose-envify-1.4.0.tgz#71ee51fa7be4caec1a63839f7e682d8132d30caf"
  integrity sha512-lyuxPGr/Wfhrlem2CL/UcnUc1zcqKAImBDzukY7Y5F/yQiNdko6+fRLevlw1HgMySw7f611UIY408EtxRSoK3Q==
  dependencies:
    js-tokens "^3.0.0 || ^4.0.0"

lorem-ipsum@^1.0.3:
  version "1.0.6"
  resolved "https://registry.yarnpkg.com/lorem-ipsum/-/lorem-ipsum-1.0.6.tgz#69e9ab02bbb0991915d71b5559fe016d526f013f"
  integrity sha512-Rx4XH8X4KSDCKAVvWGYlhAfNqdUP5ZdT4rRyf0jjrvWgtViZimDIlopWNfn/y3lGM5K4uuiAoY28TaD+7YKFrQ==
  dependencies:
    minimist "~1.2.0"

magic-string@^0.25.0, magic-string@^0.25.1:
  version "0.25.7"
  resolved "https://registry.yarnpkg.com/magic-string/-/magic-string-0.25.7.tgz#3f497d6fd34c669c6798dcb821f2ef31f5445051"
  integrity sha512-4CrMT5DOHTDk4HYDlzmwu4FVCcIYI8gauveasrdCu2IKIFOJ3f0v/8MDGJCDL9oD2ppz/Av1b0Nj345H9M+XIA==
  dependencies:
    sourcemap-codec "^1.4.4"

memoize-one@^5.1.1:
  version "5.2.1"
  resolved "https://registry.yarnpkg.com/memoize-one/-/memoize-one-5.2.1.tgz#8337aa3c4335581839ec01c3d594090cebe8f00e"
  integrity sha512-zYiwtZUcYyXKo/np96AGZAckk+FWWsUdJ3cHGGmld7+AhvcWmQyGCYUh1hc4Q/pkOhb65dQR/pqCyK0cOaHz4Q==

minimist@^1.2.0, minimist@~1.2.0:
  version "1.2.5"
  resolved "https://registry.yarnpkg.com/minimist/-/minimist-1.2.5.tgz#67d66014b66a6a8aaa0c083c5fd58df4e4e97602"
  integrity sha512-FM9nNUYrRBAELZQT3xeZQ7fmMOBg6nWNmJKTcgsJeaLstP/UODVpGsr5OhXhhXg6f+qtJ8uiZ+PUxkDWcgIXLw==

object-assign@^4.1.0, object-assign@^4.1.1:
  version "4.1.1"
  resolved "https://registry.yarnpkg.com/object-assign/-/object-assign-4.1.1.tgz#2109adc7965887cfc05cbbd442cac8bfbb360863"
  integrity sha1-IQmtx5ZYh8/AXLvUQsrIv7s2CGM=

os-homedir@^1.0.1:
  version "1.0.2"
  resolved "https://registry.yarnpkg.com/os-homedir/-/os-homedir-1.0.2.tgz#ffbc4988336e0e833de0c168c7ef152121aa7fb3"
  integrity sha1-/7xJiDNuDoM94MFox+8VISGqf7M=

prism-react-renderer@1.2.1, prism-react-renderer@^1.2.1:
  version "1.2.1"
  resolved "https://registry.yarnpkg.com/prism-react-renderer/-/prism-react-renderer-1.2.1.tgz#392460acf63540960e5e3caa699d851264e99b89"
  integrity sha512-w23ch4f75V1Tnz8DajsYKvY5lF7H1+WvzvLUcF0paFxkTHSp42RS0H5CttdN2Q8RR3DRGZ9v5xD/h3n8C8kGmg==

prop-types@^15.7.2:
  version "15.8.0"
  resolved "https://registry.yarnpkg.com/prop-types/-/prop-types-15.8.0.tgz#d237e624c45a9846e469f5f31117f970017ff588"
  integrity sha512-fDGekdaHh65eI3lMi5OnErU6a8Ighg2KjcjQxO7m8VHyWjcPyj5kiOgV1LQDOOOgVy3+5FgjXvdSSX7B8/5/4g==
  dependencies:
    loose-envify "^1.4.0"
    object-assign "^4.1.1"
    react-is "^16.13.1"

react-fast-compare@^2.0.1:
  version "2.0.4"
  resolved "https://registry.yarnpkg.com/react-fast-compare/-/react-fast-compare-2.0.4.tgz#e84b4d455b0fec113e0402c329352715196f81f9"
  integrity sha512-suNP+J1VU1MWFKcyt7RtjiSWUjvidmQSlqu+eHslq+342xCbGTYmC0mEhPCOHxlW0CywylOC1u2DFAT+bv4dBw==

react-fast-compare@^3.0.1:
  version "3.2.0"
  resolved "https://registry.yarnpkg.com/react-fast-compare/-/react-fast-compare-3.2.0.tgz#641a9da81b6a6320f270e89724fb45a0b39e43bb"
  integrity sha512-rtGImPZ0YyLrscKI9xTpV8psd6I8VAtjKCzQDlzyDvqJA8XOW78TXYQwNRNd8g8JZnDu8q9Fu/1v4HPAVwVdHA==

react-icons@4.3.1:
  version "4.3.1"
  resolved "https://registry.yarnpkg.com/react-icons/-/react-icons-4.3.1.tgz#2fa92aebbbc71f43d2db2ed1aed07361124e91ca"
  integrity sha512-cB10MXLTs3gVuXimblAdI71jrJx8njrJZmNMEMC+sQu5B/BIOmlsAjskdqpn81y8UBVEGuHODd7/ci5DvoSzTQ==

react-is@^16.13.1, react-is@^16.7.0:
  version "16.13.1"
  resolved "https://registry.yarnpkg.com/react-is/-/react-is-16.13.1.tgz#789729a4dc36de2999dc156dd6c1d9c18cea56a4"
  integrity sha512-24e6ynE2H+OKt4kqsOvNd8kBpV65zoxbA4BVsEOB3ARVWQki/DHzaUoC5KuON/BiccDaCCTZBuOcfZs70kR8bQ==

react-live@2.3.0:
  version "2.3.0"
  resolved "https://registry.yarnpkg.com/react-live/-/react-live-2.3.0.tgz#09fbac361903970e7cf51cee60729eeb164a5d87"
  integrity sha512-b+Nc7x/bLu2sPX/If1uncrmUvYtXTqxY8QpzBw/X76SA3QJ1ggU0Ld6X5phLXZ469+XWO5lOU7OpAt0JoTyZPQ==
  dependencies:
    "@types/buble" "^0.20.0"
    buble "0.19.6"
    core-js "^3.14.0"
    dom-iterator "^1.0.0"
    prism-react-renderer "^1.2.1"
    prop-types "^15.7.2"
    react-simple-code-editor "^0.11.0"
    unescape "^1.0.1"

react-lorem-component@0.13.0:
  version "0.13.0"
  resolved "https://registry.yarnpkg.com/react-lorem-component/-/react-lorem-component-0.13.0.tgz#c0ddf3ae75ea6e01f7fd03d7586a24a621202039"
  integrity sha512-4mWjxmcG/DJJwdxdKwXWyP2N9zohbJg/yYaC+7JffQNrKj3LYDpA/A4u/Dju1v1ZF6Jew2gbFKGb5Z6CL+UNTw==
  dependencies:
    create-react-class "^15.5.3"
    lorem-ipsum "^1.0.3"
    object-assign "^4.1.0"
    seedable-random "0.0.1"

react-player@2.9.0:
  version "2.9.0"
  resolved "https://registry.yarnpkg.com/react-player/-/react-player-2.9.0.tgz#ef7fe7073434087565f00ff219824e1e02c4b046"
  integrity sha512-jNUkTfMmUhwPPAktAdIqiBcVUKsFKrVGH6Ocutj6535CNfM91yrvWxHg6fvIX8Y/fjYUPoejddwh7qboNV9vGA==
  dependencies:
    deepmerge "^4.0.0"
    load-script "^1.0.0"
    memoize-one "^5.1.1"
    prop-types "^15.7.2"
    react-fast-compare "^3.0.1"

react-simple-code-editor@^0.11.0:
  version "0.11.0"
  resolved "https://registry.yarnpkg.com/react-simple-code-editor/-/react-simple-code-editor-0.11.0.tgz#bb57c7c29b570f2ab229872599eac184f5bc673c"
  integrity sha512-xGfX7wAzspl113ocfKQAR8lWPhavGWHL3xSzNLeseDRHysT+jzRBi/ExdUqevSMos+7ZtdfeuBOXtgk9HTwsrw==

react-spinners@0.11.0:
  version "0.11.0"
  resolved "https://registry.yarnpkg.com/react-spinners/-/react-spinners-0.11.0.tgz#186fd150cc9f7ab1436227f70d5d113b47e9e43d"
  integrity sha512-rDZc0ABWn/M1OryboGsWVmIPg8uYWl0L35jPUhr40+Yg+syVPjeHwvnB7XWaRpaKus3M0cG9BiJA+ZB0dAwWyw==
  dependencies:
    "@emotion/react" "^11.1.4"

react-table@7.7.0:
  version "7.7.0"
  resolved "https://registry.yarnpkg.com/react-table/-/react-table-7.7.0.tgz#e2ce14d7fe3a559f7444e9ecfe8231ea8373f912"
  integrity sha512-jBlj70iBwOTvvImsU9t01LjFjy4sXEtclBovl3mTiqjz23Reu0DKnRza4zlLtOPACx6j2/7MrQIthIK1Wi+LIA==

regenerate-unicode-properties@^9.0.0:
  version "9.0.0"
  resolved "https://registry.yarnpkg.com/regenerate-unicode-properties/-/regenerate-unicode-properties-9.0.0.tgz#54d09c7115e1f53dc2314a974b32c1c344efe326"
  integrity sha512-3E12UeNSPfjrgwjkR81m5J7Aw/T55Tu7nUyZVQYCKEOs+2dkxEY+DpPtZzO4YruuiPb7NkYLVcyJC4+zCbk5pA==
  dependencies:
    regenerate "^1.4.2"

regenerate@^1.4.2:
  version "1.4.2"
  resolved "https://registry.yarnpkg.com/regenerate/-/regenerate-1.4.2.tgz#b9346d8827e8f5a32f7ba29637d398b69014848a"
  integrity sha512-zrceR/XhGYU/d/opr2EKO7aRHUeiBI8qjtfHqADTwZd6Szfy16la6kqD0MIUs5z5hx6AaKa+PixpPrR289+I0A==

regenerator-runtime@^0.13.4:
  version "0.13.9"
  resolved "https://registry.yarnpkg.com/regenerator-runtime/-/regenerator-runtime-0.13.9.tgz#8925742a98ffd90814988d7566ad30ca3b263b52"
  integrity sha512-p3VT+cOEgxFsRRA9X4lkI1E+k2/CtnKtU4gcxyaCUreilL/vqI6CdZ3wxVUx3UOUg+gnUOQQcRI7BmSI656MYA==

regexpu-core@^4.2.0:
  version "4.8.0"
  resolved "https://registry.yarnpkg.com/regexpu-core/-/regexpu-core-4.8.0.tgz#e5605ba361b67b1718478501327502f4479a98f0"
  integrity sha512-1F6bYsoYiz6is+oz70NWur2Vlh9KWtswuRuzJOfeYUrfPX2o8n74AnUVaOGDbUqVGO9fNHu48/pjJO4sNVwsOg==
  dependencies:
    regenerate "^1.4.2"
    regenerate-unicode-properties "^9.0.0"
    regjsgen "^0.5.2"
    regjsparser "^0.7.0"
    unicode-match-property-ecmascript "^2.0.0"
    unicode-match-property-value-ecmascript "^2.0.0"

regjsgen@^0.5.2:
  version "0.5.2"
  resolved "https://registry.yarnpkg.com/regjsgen/-/regjsgen-0.5.2.tgz#92ff295fb1deecbf6ecdab2543d207e91aa33733"
  integrity sha512-OFFT3MfrH90xIW8OOSyUrk6QHD5E9JOTeGodiJeBS3J6IwlgzJMNE/1bZklWz5oTg+9dCMyEetclvCVXOPoN3A==

regjsparser@^0.7.0:
  version "0.7.0"
  resolved "https://registry.yarnpkg.com/regjsparser/-/regjsparser-0.7.0.tgz#a6b667b54c885e18b52554cb4960ef71187e9968"
  integrity sha512-A4pcaORqmNMDVwUjWoTzuhwMGpP+NykpfqAsEgI1FSH/EzC7lrN5TMd+kN8YCovX+jMpu8eaqXgXPCa0g8FQNQ==
  dependencies:
    jsesc "~0.5.0"

seedable-random@0.0.1:
  version "0.0.1"
  resolved "https://registry.yarnpkg.com/seedable-random/-/seedable-random-0.0.1.tgz#0b30cea79e4399688c5a067503a066b7c41e8316"
  integrity sha1-CzDOp55DmWiMWgZ1A6Bmt8QegxY=

sourcemap-codec@^1.4.4:
  version "1.4.8"
  resolved "https://registry.yarnpkg.com/sourcemap-codec/-/sourcemap-codec-1.4.8.tgz#ea804bd94857402e6992d05a38ef1ae35a9ab4c4"
  integrity sha512-9NykojV5Uih4lgo5So5dtw+f0JgJX30KCNI8gwhz2J9A15wD0Ml6tjHKwf6fTSa6fAdVBdZeNOs9eJ71qCk8vA==

stylis@4.0.13:
  version "4.0.13"
  resolved "https://registry.yarnpkg.com/stylis/-/stylis-4.0.13.tgz#f5db332e376d13cc84ecfe5dace9a2a51d954c91"
  integrity sha512-xGPXiFVl4YED9Jh7Euv2V220mriG9u4B2TA6Ybjc1catrstKD2PpIdU3U0RKpkVBC2EhmL/F0sPCr9vrFTNRag==

supports-color@^5.3.0:
  version "5.5.0"
  resolved "https://registry.yarnpkg.com/supports-color/-/supports-color-5.5.0.tgz#e2e69a44ac8772f78a1ec0b35b689df6530efc8f"
  integrity sha512-QjVjwdXIt408MIiAqCX4oUKsgU2EqAGzs2Ppkm4aQYbjm+ZEWEcW4SfFNTr4uMNZma0ey4f5lgLrkB0aX0QMow==
  dependencies:
    has-flag "^3.0.0"

tiny-invariant@^1.0.6:
  version "1.2.0"
  resolved "https://registry.yarnpkg.com/tiny-invariant/-/tiny-invariant-1.2.0.tgz#a1141f86b672a9148c72e978a19a73b9b94a15a9"
  integrity sha512-1Uhn/aqw5C6RI4KejVeTg6mIS7IqxnLJ8Mv2tV5rTc0qWobay7pDUz6Wi392Cnc8ak1H0F2cjoRzb2/AW4+Fvg==

tiny-warning@^1.0.2:
  version "1.0.3"
  resolved "https://registry.yarnpkg.com/tiny-warning/-/tiny-warning-1.0.3.tgz#94a30db453df4c643d0fd566060d60a875d84754"
  integrity sha512-lBN9zLN/oAf68o3zNXYrdCt1kP8WsiGW8Oo2ka41b2IM5JL/S1CTyX1rW0mb/zSuJun0ZUrDxx4sqvYS2FWzPA==

tslib@^1.10.0:
  version "1.14.1"
  resolved "https://registry.yarnpkg.com/tslib/-/tslib-1.14.1.tgz#cf2d38bdc34a134bcaf1091c41f6619e2f672d00"
  integrity sha512-Xni35NKzjgMrwevysHTCArtLDpPvye8zV/0E4EyYn43P7/7qvQwPh9BGkHewbMulVntbigmcT7rdX3BNo9wRJg==

tslib@^2.1.0:
  version "2.3.1"
  resolved "https://registry.yarnpkg.com/tslib/-/tslib-2.3.1.tgz#e8a335add5ceae51aa261d32a490158ef042ef01"
  integrity sha512-77EbyPPpMz+FRFRuAFlWMtmgUWGe9UOG2Z25NqCwiIjRhOf5iKGuzSe5P2w1laq+FkRy4p+PCuVkJSGkzTEKVw==

unescape@^1.0.1:
  version "1.0.1"
  resolved "https://registry.yarnpkg.com/unescape/-/unescape-1.0.1.tgz#956e430f61cad8a4d57d82c518f5e6cc5d0dda96"
  integrity sha512-O0+af1Gs50lyH1nUu3ZyYS1cRh01Q/kUKatTOkSs7jukXE6/NebucDVxyiDsA9AQ4JC1V1jUH9EO8JX2nMDgGQ==
  dependencies:
    extend-shallow "^2.0.1"

unicode-canonical-property-names-ecmascript@^2.0.0:
  version "2.0.0"
  resolved "https://registry.yarnpkg.com/unicode-canonical-property-names-ecmascript/-/unicode-canonical-property-names-ecmascript-2.0.0.tgz#301acdc525631670d39f6146e0e77ff6bbdebddc"
  integrity sha512-yY5PpDlfVIU5+y/BSCxAJRBIS1Zc2dDG3Ujq+sR0U+JjUevW2JhocOF+soROYDSaAezOzOKuyyixhD6mBknSmQ==

unicode-match-property-ecmascript@^2.0.0:
  version "2.0.0"
  resolved "https://registry.yarnpkg.com/unicode-match-property-ecmascript/-/unicode-match-property-ecmascript-2.0.0.tgz#54fd16e0ecb167cf04cf1f756bdcc92eba7976c3"
  integrity sha512-5kaZCrbp5mmbz5ulBkDkbY0SsPOjKqVS35VpL9ulMPfSl0J0Xsm+9Evphv9CoIZFwre7aJoa94AY6seMKGVN5Q==
  dependencies:
    unicode-canonical-property-names-ecmascript "^2.0.0"
    unicode-property-aliases-ecmascript "^2.0.0"

unicode-match-property-value-ecmascript@^2.0.0:
  version "2.0.0"
  resolved "https://registry.yarnpkg.com/unicode-match-property-value-ecmascript/-/unicode-match-property-value-ecmascript-2.0.0.tgz#1a01aa57247c14c568b89775a54938788189a714"
  integrity sha512-7Yhkc0Ye+t4PNYzOGKedDhXbYIBe1XEQYQxOPyhcXNMJ0WCABqqj6ckydd6pWRZTHV4GuCPKdBAUiMc60tsKVw==

unicode-property-aliases-ecmascript@^2.0.0:
  version "2.0.0"
  resolved "https://registry.yarnpkg.com/unicode-property-aliases-ecmascript/-/unicode-property-aliases-ecmascript-2.0.0.tgz#0a36cb9a585c4f6abd51ad1deddb285c165297c8"
  integrity sha512-5Zfuy9q/DFr4tfO7ZPeVXb1aPoeQSdeFMLpYuFebehDAhbuevLs5yxSZmIFN1tP5F9Wl4IpJrYojg85/zgyZHQ==

vlq@^1.0.0:
  version "1.0.1"
  resolved "https://registry.yarnpkg.com/vlq/-/vlq-1.0.1.tgz#c003f6e7c0b4c1edd623fd6ee50bbc0d6a1de468"
  integrity sha512-gQpnTgkubC6hQgdIcRdYGDSDc+SaujOdyesZQMv6JlfQee/9Mp0Qhnys6WxDWvQnL5WZdT7o2Ul187aSt0Rq+w==
